
Microsoft Visual Studio Solution File, Format Version 12.00
# Visual Studio Version 16
VisualStudioVersion = 16.0.31911.196
MinimumVisualStudioVersion = 10.0.40219.1
Project("{9A19103F-16F7-4668-BE54-9A1E7A4F7556}") = "Package Manager", "Package Manager\Package Manager.csproj", "{23453D5F-B757-484E-965E-B3366605566F}"
EndProject
Project("{9A19103F-16F7-4668-BE54-9A1E7A4F7556}") = "ProductData", "ProductData\ProductData.csproj", "{8E3EE7BE-A47E-45FF-AB2D-E8FAC0E8EA12}"
EndProject
Project("{FAE04EC0-301F-11D3-BF4B-00C04F79EFBC}") = "CustomerRegistrationMVC", "CustomerRegistrationMVC\CustomerRegistrationMVC.csproj", "{F915B882-3F37-4F67-9C4A-1F8733BDE386}"
EndProject
Global
	GlobalSection(SolutionConfigurationPlatforms) = preSolution
		Debug|Any CPU = Debug|Any CPU
		Release|Any CPU = Release|Any CPU
	EndGlobalSection
	GlobalSection(ProjectConfigurationPlatforms) = postSolution
		{23453D5F-B757-484E-965E-B3366605566F}.Debug|Any CPU.ActiveCfg = Debug|Any CPU
		{23453D5F-B757-484E-965E-B3366605566F}.Debug|Any CPU.Build.0 = Debug|Any CPU
		{23453D5F-B757-484E-965E-B3366605566F}.Release|Any CPU.ActiveCfg = Release|Any CPU
		{23453D5F-B757-484E-965E-B3366605566F}.Release|Any CPU.Build.0 = Release|Any CPU
		{8E3EE7BE-A47E-45FF-AB2D-E8FAC0E8EA12}.Debug|Any CPU.ActiveCfg = Debug|Any CPU
		{8E3EE7BE-A47E-45FF-AB2D-E8FAC0E8EA12}.Debug|Any CPU.Build.0 = Debug|Any CPU
		{8E3EE7BE-A47E-45FF-AB2D-E8FAC0E8EA12}.Release|Any CPU.ActiveCfg = Release|Any CPU
		{8E3EE7BE-A47E-45FF-AB2D-E8FAC0E8EA12}.Release|Any CPU.Build.0 = Release|Any CPU
		{F915B882-3F37-4F67-9C4A-1F8733BDE386}.Debug|Any CPU.ActiveCfg = Debug|Any CPU
		{F915B882-3F37-4F67-9C4A-1F8733BDE386}.Debug|Any CPU.Build.0 = Debug|Any CPU
		{F915B882-3F37-4F67-9C4A-1F8733BDE386}.Release|Any CPU.ActiveCfg = Release|Any CPU
		{F915B882-3F37-4F67-9C4A-1F8733BDE386}.Release|Any CPU.Build.0 = Release|Any CPU
	EndGlobalSection
	GlobalSection(SolutionProperties) = preSolution
		HideSolutionNode = FALSE
	EndGlobalSection
	GlobalSection(ExtensibilityGlobals) = postSolution
		SolutionGuid = {58B9C1DE-2979-40FF-9B38-DF93F398F8D5}
	EndGlobalSection
EndGlobal
